
Microsoft Visual Studio Solution File, Format Version 12.00
# Visual Studio Version 17
VisualStudioVersion = 17.4.33110.190
MinimumVisualStudioVersion = 10.0.40219.1
Project("{FAE04EC0-301F-11D3-BF4B-00C04F79EFBC}") = "InvoicesApp.Server", "InvoicesApp\Server\InvoicesApp.Server.csproj", "{EDA626F4-17F4-45C8-A4C8-EFBD67AD385B}"
EndProject
Project("{FAE04EC0-301F-11D3-BF4B-00C04F79EFBC}") = "InvoicesApp.Client", "InvoicesApp\Client\InvoicesApp.Client.csproj", "{203BAE13-0A7F-419F-8D76-030634E97D3A}"
EndProject
Project("{FAE04EC0-301F-11D3-BF4B-00C04F79EFBC}") = "InvoicesApp.Shared", "InvoicesApp\Shared\InvoicesApp.Shared.csproj", "{C8702091-678F-4C17-8A62-DD6BC329F9EB}"
EndProject
Global
	GlobalSection(SolutionConfigurationPlatforms) = preSolution
		Debug|Any CPU = Debug|Any CPU
		Release|Any CPU = Release|Any CPU
	EndGlobalSection
	GlobalSection(ProjectConfigurationPlatforms) = postSolution
		{EDA626F4-17F4-45C8-A4C8-EFBD67AD385B}.Debug|Any CPU.ActiveCfg = Debug|Any CPU
		{EDA626F4-17F4-45C8-A4C8-EFBD67AD385B}.Debug|Any CPU.Build.0 = Debug|Any CPU
		{EDA626F4-17F4-45C8-A4C8-EFBD67AD385B}.Release|Any CPU.ActiveCfg = Release|Any CPU
		{EDA626F4-17F4-45C8-A4C8-EFBD67AD385B}.Release|Any CPU.Build.0 = Release|Any CPU
		{203BAE13-0A7F-419F-8D76-030634E97D3A}.Debug|Any CPU.ActiveCfg = Debug|Any CPU
		{203BAE13-0A7F-419F-8D76-030634E97D3A}.Debug|Any CPU.Build.0 = Debug|Any CPU
		{203BAE13-0A7F-419F-8D76-030634E97D3A}.Release|Any CPU.ActiveCfg = Release|Any CPU
		{203BAE13-0A7F-419F-8D76-030634E97D3A}.Release|Any CPU.Build.0 = Release|Any CPU
		{C8702091-678F-4C17-8A62-DD6BC329F9EB}.Debug|Any CPU.ActiveCfg = Debug|Any CPU
		{C8702091-678F-4C17-8A62-DD6BC329F9EB}.Debug|Any CPU.Build.0 = Debug|Any CPU
		{C8702091-678F-4C17-8A62-DD6BC329F9EB}.Release|Any CPU.ActiveCfg = Release|Any CPU
		{C8702091-678F-4C17-8A62-DD6BC329F9EB}.Release|Any CPU.Build.0 = Release|Any CPU
	EndGlobalSection
	GlobalSection(SolutionProperties) = preSolution
		HideSolutionNode = FALSE
	EndGlobalSection
	GlobalSection(ExtensibilityGlobals) = postSolution
		SolutionGuid = {26C42E70-51FA-4292-9653-60A90696CB54}
	EndGlobalSection
EndGlobal
